version = 1
revision = 3
requires-python = "==3.11.*"

[[package]]
name = "annotated-types"
version = "0.8.0"
source = { registry = "https://pypi.org/simple" }
sdist = { url = "https://files.pythonhosted.org/packages/5f/56/a8120250d128bed162cd73c76d45f6ef9991f3e068f62a8ee060afa3104a/annotated_types-0.8.0.tar.gz", hash = "sha256:13b2beaad985e05e2d6407ee4c4f35590b11f8d693a258a561055cac8f64cab7", size = 15893, upload-time = "2026-07-23T20:16:13.995Z" }
wheels = [
    { url = "https://files.pythonhosted.org/packages/99/91/8acff4f5e50511b911bbccb72b8628a49c68ce14148cd9f6431094859a90/annotated_types-0.8.0-py3-none-any.whl", hash = "sha256:f072f4d804ea359e4eaf198b1af7a8b0943881a87f31bb764f8bf219bb9419e0", size = 13427, upload-time = "2026-07-23T20:16:12.938Z" },
]

[[package]]
name = "colorama"
version = "0.4.6"
source = { registry = "https://pypi.org/simple" }
sdist = { url = "https://files.pythonhosted.org/packages/d8/53/6f443c9a4a8358a93a6792e2acffb9d9d5cb0a5cfd8802644b7b1c9a02e4/colorama-0.4.6.tar.gz", hash = "sha256:08695f5cb7ed6e0531a20572697297273c47b8cae5a63ffc6d6ed5c201be6e44", size = 27697, upload-time = "2022-10-25T02:36:22.414Z" }
wheels = [
    { url = "https://files.pythonhosted.org/packages/d1/d6/3965ed04c63042e047cb6a3e6ed1a63a35087b6a609aa3a15ed8ac56c221/colorama-0.4.6-py2.py3-none-any.whl", hash = "sha256:4f1d9991f5acc0ca119f9d443620b77f9d6b33703e51011c16baf57afb285fc6", size = 25335, upload-time = "2022-10-25T02:36:20.889Z" },
]

[[package]]
name = "doudoumil-search"
version = "0.1.0"
source = { editable = "." }
dependencies = [
    { name = "polars" },
    { name = "pydantic" },
]

[package.dev-dependencies]
dev = [
    { name = "hypothesis" },
    { name = "pytest" },
    { name = "ruff" },
]

[package.metadata]
requires-dist = [
    { name = "polars", specifier = ">=1.44.2" },
    { name = "pydantic", specifier = ">=2.13.5" },
]

[package.metadata.requires-dev]
dev = [
    { name = "hypothesis", specifier = ">=6.168.5" },
    { name = "pytest", specifier = ">=9.1.1" },
    { name = "ruff", specifier = ">=0.16.8" },
]

[[package]]
name = "hypothesis"
version = "6.168.5"
source = { registry = "https://pypi.org/simple" }
dependencies = [
    { name = "sortedcontainers" },
]
sdist = { url = "https://files.pythonhosted.org/packages/93/a8/bd70d7c2966e561228b9fdc075ee77c0ba577dcbbfbf921edf614db14f6a/hypothesis-6.168.5.tar.gz", hash = "sha256:76b9226962fe11d40858253a967eda95bb65811365286317e0118f4ec8f808c7", size = 511115, upload-time = "2026-10-05T23:26:35.416Z" }
wheels = [
    { url = "https://files.pythonhosted.org/packages/98/0c/7f04c8d277dfc828ba584b7d9d10dbac5e91fce673fa5328f7bd5bf64609/hypothesis-6.168.5-cp310-abi3-macosx_10_12_x86_64.whl", hash = "sha256:ca43a751410a9c6685f029fd5126cc5507664cafaa76017922aa8ae2e17b6620", size = 791539, upload-time = "2026-10-05T23:24:25.544Z" },
    { url = "https://files.pythonhosted.org/packages/11/5c/660906d83db74eb86feda715d0f2df14836205b14a183332116676733e6f/hypothesis-6.168.5-cp310-abi3-macosx_11_0_arm64.whl", hash = "sha256:c8b98707cbe9f430d100a945bbe17612fd3aa44eac1b0ac5299669fe3b8e4128", size = 787208, upload-time = "2026-10-05T23:25:14.028Z" },
    { url = "https://files.pythonhosted.org/packages/01/85/36e19492bc4ff354c2be9c8fa7c6ace0c65f9d2c7116656b741680c6ca55/hypothesis-6.168.5-cp310-abi3-manylinux_2_17_aarch64.manylinux2014_aarch64.whl", hash = "sha256:4dde52a0b696c642e7f988a03026c7c29f90daf21e74507b6f865c3ccc9d536e", size = 1115200, upload-time = "2026-10-05T23:25:53.064Z" },
    { url = "https://files.pythonhosted.org/packages/d4/82/3273fb0a3567c09b767bb8fe2824d65e16ae2abb92cf1f43762df723df94/hypothesis-6.168.5-cp310-abi3-manylinux_2_17_armv7l.manylinux2014_armv7l.whl", hash = "sha256:42f02e4541fe0c17a1320617effc0ab8a8aca2a9af15e3358d4150acf3bbdc00", size = 1145113, upload-time = "2026-10-05T23:25:17.502Z" },
    { url = "https://files.pythonhosted.org/packages/74/59/5c5904555a0bbd4b2898d73ea90c6d03f5be0d8ff0756ac1d519ace6ae66/hypothesis-6.168.5-cp310-abi3-manylinux_2_17_ppc64le.manylinux2014_ppc64le.whl", hash = "sha256:bf6dd7e537a12763c9afa017f7a6159e5cda608e98670621fa44596a1e8e9288", size = 1139564, upload-time = "2026-10-05T23:25:56.681Z" },
    { url = "https://files.pythonhosted.org/packages/cb/ce/55654ff9575587a401e304f08ad1d43b7e6318f81c66bd866fdc5ab4665b/hypothesis-6.168.5-cp310-abi3-manylinux_2_17_s390x.manylinux2014_s390x.whl", hash = "sha256:df2c04cd30abf42c52580184216162a75b5508b214a472b86670f6dd50659a3b", size = 1192142, upload-time = "2026-10-05T23:26:06.565Z" },
    { url = "https://files.pythonhosted.org/packages/48/91/4cc9d6e8a950473e07e3ebf00cbb8ee0d76b14d193f94c3de20f1c09e2b1/hypothesis-6.168.5-cp310-abi3-manylinux_2_17_x86_64.manylinux2014_x86_64.whl", hash = "sha256:278662eb21aaec9eaae71ea4dabd4fe390c2af11ec58a6a0606687cf6d7689b0", size = 1157262, upload-time = "2026-10-05T23:24:59.229Z" },
    { url = "https://files.pythonhosted.org/packages/f1/3a/4b8aa3be788ea81b9a7bc6b673ed89edd72fd0645c6aa691d4c159ff971a/hypothesis-6.168.5-cp310-abi3-manylinux_2_31_riscv64.whl", hash = "sha256:6bcedc4ab8ab92dd0f3af0cfe24dce184d225751d7bc870a9cddb9a557de847f", size = 1113779, upload-time = "2026-10-05T23:24:12.327Z" },
    { url = "https://files.pythonhosted.org/packages/f9/98/2eb4c79d1851195e6a083568b065235680ab984e984bbd472f2a7d02ba33/hypothesis-6.168.5-cp310-abi3-manylinux_2_5_i686.manylinux1_i686.whl", hash = "sha256:8b58097cc3b98d8616f635ac73888fc9f859311875f2adc043f1544c40c3c466", size = 1152639, upload-time = "2026-10-05T23:25:43.635Z" },
    { url = "https://files.pythonhosted.org/packages/f0/9c/68f7e99b43c6f37c077669a4d3bd88f48c042444ced9e7cff0eaf44bc70a/hypothesis-6.168.5-cp310-abi3-musllinux_1_2_aarch64.whl", hash = "sha256:f8a387d9ee7f804e830b31f2e2e339ab5731665e922cfda4f6f6fbdb05e191b4", size = 1290068, upload-time = "2026-10-05T23:25:28.45Z" },
    { url = "https://files.pythonhosted.org/packages/b4/04/d4f87164a0d028ab102cea345b601d9dafb3196358df5448caa88ac3c1e2/hypothesis-6.168.5-cp310-abi3-musllinux_1_2_armv7l.whl", hash = "sha256:326f6383fdf2e37ac69773589a8238a3bf396ca8ac8efacb0fb9ed42dd08e426", size = 1418551, upload-time = "2026-10-05T23:24:51.25Z" },
    { url = "https://files.pythonhosted.org/packages/a8/32/6b518a25514f0e643f95610c77e279bfbf0e0b3bd423aac0187d6f039b9a/hypothesis-6.168.5-cp310-abi3-musllinux_1_2_i686.whl", hash = "sha256:5d33fc74e43bbd7c3a8f6f7161a8b93b676924286e97e70e828c6e0dcee5c01f", size = 1372130, upload-time = "2026-10-05T23:25:32.359Z" },
    { url = "https://files.pythonhosted.org/packages/48/c2/32538e14e63193ca894ba584696805d1eb45cfc27e15fccd47acfb87531c/hypothesis-6.168.5-cp310-abi3-musllinux_1_2_ppc64le.whl", hash = "sha256:1994923cf5e5220ae6bf19645302504b27c0289d83e5d8690df71dcae63d8416", size = 1268950, upload-time = "2026-10-05T23:25:02.544Z" },
    { url = "https://files.pythonhosted.org/packages/86/3b/e50e7e98af9489aa05203c2ab38c95d891dd8d1ed08fad972dcdb6955332/hypothesis-6.168.5-cp310-abi3-musllinux_1_2_riscv64.whl", hash = "sha256:501038fd24d3bc95239cfd093a23cf1151f29dd82382a3554dac5dfdab9729ae", size = 1283907, upload-time = "2026-10-05T23:24:29.909Z" },
    { url = "https://files.pythonhosted.org/packages/71/46/41c460a7d2148a04b212b2d594d39992fb52e0b844e13bf6784573fc8dea/hypothesis-6.168.5-cp310-abi3-musllinux_1_2_x86_64.whl", hash = "sha256:e2292ddc24fe6d04b7d30fa6a7e2c9e280ad5078fe671d0bf4aa6df6e143b5ac", size = 1323762, upload-time = "2026-10-05T23:24:18.984Z" },
    { url = "https://files.pythonhosted.org/packages/68/4f/37a7fc1fe445e3589e0f56ff4573c28de1d6e6a03009cba2f99f04e46ffa/hypothesis-6.168.5-cp310-abi3-win32.whl", hash = "sha256:925d67c69b719d416334aa961c0cdfc4a58a471af1ebd2d7101bd515a70f4e5f", size = 677903, upload-time = "2026-10-05T23:25:07.129Z" },
    { url = "https://files.pythonhosted.org/packages/81/e6/7b25ca7845a60522ebc5f8054f6bba68d47126fb5d940c784fc528a4be4a/hypothesis-6.168.5-cp310-abi3-win_amd64.whl", hash = "sha256:2311590eccba452de863dfe3466daa86a05c25f072ab31ed8bb4d3313ee68439", size = 684616, upload-time = "2026-10-05T23:25:04.028Z" },
    { url = "https://files.pythonhosted.org/packages/c3/00/40e7c36b46c8788eddc7a322ad324e6db53c8ab9a8b9a95d6535ee7bdaaf/hypothesis-6.168.5-cp310-abi3-win_arm64.whl", hash = "sha256:222a6d23a2a824b0f9f73761c2fb9cd2aca96cf3e5b441617625bce4f7eb4fd4", size = 683061, upload-time = "2026-10-05T23:25:19.403Z" },
    { url = "https://files.pythonhosted.org/packages/de/95/f1149d913d685809c016b2a3ae9d727741ae22f52376c6d0ed51eecb5ac8/hypothesis-6.168.5-cp311-cp311-macosx_10_12_x86_64.whl", hash = "sha256:8c35e5d4a85d0d6071cc267a6cbb8fd7ae23ca8a0f745ea5a52c0064d7c1c4b8", size = 792108, upload-time = "2026-10-05T23:25:12.323Z" },
    { url = "https://files.pythonhosted.org/packages/bc/98/7e5ffb6bbfc033c85746243dc4d1541876082e136ee44c02f843bb77427e/hypothesis-6.168.5-cp311-cp311-macosx_11_0_arm64.whl", hash = "sha256:244a8d14c0a8a3be0345ad0b120deafb94517cc1d74a961d14b5b5eb041b4c0c", size = 788035, upload-time = "2026-10-05T23:26:26.557Z" },
    { url = "https://files.pythonhosted.org/packages/38/df/022129d3e16d19a84e7a5a35ebf7baca07d3482fb34f0faaab865b14fe66/hypothesis-6.168.5-cp311-cp311-manylinux_2_17_aarch64.manylinux2014_aarch64.whl", hash = "sha256:2e68e1d43b7c9c7a1aa659dfe1c0ecc2de79391b20db853c1e18ea7e3d2ce31f", size = 1115438, upload-time = "2026-10-05T23:24:52.639Z" },
    { url = "https://files.pythonhosted.org/packages/da/09/b3e45b0386d8f643a304105883c5bfce79fd530b2dfe3a70564e1d7aa0bd/hypothesis-6.168.5-cp311-cp311-manylinux_2_17_x86_64.manylinux2014_x86_64.whl", hash = "sha256:01a4d3773f285e75551eeef12df058e6316b666bcc3ec187c5eb52a893fbb015", size = 1157503, upload-time = "2026-10-05T23:25:05.609Z" },
    { url = "https://files.pythonhosted.org/packages/ee/4a/aba5a74ddb20c9f41ba5b8f2918c5a12660146cab2120f14122122715060/hypothesis-6.168.5-cp311-cp311-musllinux_1_2_aarch64.whl", hash = "sha256:cc327005f2fbb55db81d132948ee7c6cec0589694bed04b1e45fc8fc317e12bd", size = 1290235, upload-time = "2026-10-05T23:25:08.982Z" },
    { url = "https://files.pythonhosted.org/packages/34/f4/7204aa6117a38085e6f1dbefd5cd98050a58c847f2bdecc917422cdb2b1c/hypothesis-6.168.5-cp311-cp311-musllinux_1_2_x86_64.whl", hash = "sha256:62f21c74ad83fe77abc72e82c54114148fb01396769c234e26c9b9dbc21344a9", size = 1324204, upload-time = "2026-10-05T23:26:16.239Z" },
    { url = "https://files.pythonhosted.org/packages/a5/4b/15a46ced6d999148d1b718c5488c243bd56dfcd687a61404fe371192dfd5/hypothesis-6.168.5-cp311-cp311-win_amd64.whl", hash = "sha256:bd3ff6e53e29b86ec6078f123284e65e1c678fe7b30c2b52512244faf266502c", size = 684414, upload-time = "2026-10-05T23:26:18.231Z" },
    { url = "https://files.pythonhosted.org/packages/92/13/92cb8092b680be2b6ec5ffe83b9f1a98dbf414117566f9e3ba4e8b569214/hypothesis-6.168.5-cp315-abi3.abi3t-macosx_10_12_x86_64.whl", hash = "sha256:453ab7d0a1fadbaa54ae8722d22463cc2046fa8ef25b9b88715d28279bf79fc1", size = 790950, upload-time = "2026-10-05T23:24:45.852Z" },
    { url = "https://files.pythonhosted.org/packages/e6/22/78aea12694e3d1177e2980d44798b6d93e191faf59155b18bf5ae315f6a2/hypothesis-6.168.5-cp315-abi3.abi3t-macosx_11_0_arm64.whl", hash = "sha256:bbdbc43d1f9dad595b249b7bbe8ee5102bc94a4fcb0a79ff76d20e41fcfe342a", size = 782939, upload-time = "2026-10-05T23:25:39.961Z" },
    { url = "https://files.pythonhosted.org/packages/bd/12/5ef9947b2d149f773428e555bdf66688405aa5167510bdbe97c8ec5c6090/hypothesis-6.168.5-cp315-abi3.abi3t-manylinux_2_17_aarch64.manylinux2014_aarch64.whl", hash = "sha256:2bc36194d7b6083591060836c7872711a6820217b325bf432dd7e10b3d4af5cb", size = 1111380, upload-time = "2026-10-05T23:24:39.087Z" },
    { url = "https://files.pythonhosted.org/packages/e1/65/7e668e203fb2659c6214dc0c24cc09b7dea8a02c7c8d0ad338f644a054c4/hypothesis-6.168.5-cp315-abi3.abi3t-manylinux_2_17_armv7l.manylinux2014_armv7l.whl", hash = "sha256:22425e2b1543a43c157a81472c713ba8f291cbaf054c70ffe128e2cacc294f65", size = 1142644, upload-time = "2026-10-05T23:26:30.697Z" },
    { url = "https://files.pythonhosted.org/packages/c0/77/b112978676e795658d58c4294bf90cdbb8cb56cb8292c8c4874650468cf9/hypothesis-6.168.5-cp315-abi3.abi3t-manylinux_2_17_ppc64le.manylinux2014_ppc64le.whl", hash = "sha256:eea0bc513d0e38d1d5ddfb581132928871cd02dc54dfe4511a5396727c48e9d0", size = 1135966, upload-time = "2026-10-05T23:24:49.806Z" },
    { url = "https://files.pythonhosted.org/packages/e6/27/cd3bf01e8246c4318ec3df15f5eeeee3214f444df0129a6c7f9a62859ee8/hypothesis-6.168.5-cp315-abi3.abi3t-manylinux_2_17_s390x.manylinux2014_s390x.whl", hash = "sha256:eb142bc70bbf6645e15c7ca72de3f7c8dae198aa2743a609f4f3e3bb4f9c3a52", size = 1189646, upload-time = "2026-10-05T23:26:04.471Z" },
    { url = "https://files.pythonhosted.org/packages/7d/a6/4d3e882f31c289e432dfec34dbb9029296038a8c69e8b28cebb0a5fb7ea8/hypothesis-6.168.5-cp315-abi3.abi3t-manylinux_2_17_x86_64.manylinux2014_x86_64.whl", hash = "sha256:a27b758707bd37f5a1759cca6eef83fe1a212c38dc4ca0a203434004c5647d15", size = 1154770, upload-time = "2026-10-05T23:25:10.814Z" },
    { url = "https://files.pythonhosted.org/packages/7f/89/96f5455e1b3d0409cbbb1434c98e792bcceefd614a4b11e600072520b487/hypothesis-6.168.5-cp315-abi3.abi3t-manylinux_2_31_riscv64.whl", hash = "sha256:77a111cb50c330fa7098f65852fa17a01ecd781a85be3cf5e5871bdeeeb0ecbc", size = 1109925, upload-time = "2026-10-05T23:25:26.369Z" },
    { url = "https://files.pythonhosted.org/packages/3d/64/0758985d9d36f0c5ec981a1457ea1c8173f62d46a94531417aec117df4d7/hypothesis-6.168.5-cp315-abi3.abi3t-manylinux_2_5_i686.manylinux1_i686.whl", hash = "sha256:cdd0afc13e86ec76cae3d3659569c1f601f4e9ca52b5cf91c1685979eae64d7b", size = 1148476, upload-time = "2026-10-05T23:24:54.552Z" },
    { url = "https://files.pythonhosted.org/packages/43/5c/a9b8953e1d8aefcd3c22cf8d10dd8acf93e602b903278e2e51cf8544ccea/hypothesis-6.168.5-cp315-abi3.abi3t-musllinux_1_2_aarch64.whl", hash = "sha256:5fefb02035864c3d322e3b0969b296250923fdcfb574ea1ad4374f1a6333f663", size = 1285856, upload-time = "2026-10-05T23:25:38.239Z" },
    { url = "https://files.pythonhosted.org/packages/bf/37/66098444dc832523ddc4f2e05723662834e5f99bba3c759615d059f6420e/hypothesis-6.168.5-cp315-abi3.abi3t-musllinux_1_2_armv7l.whl", hash = "sha256:9db8aa1f5529e1b577ec18b775c2fb4225821712e946f7762b90c966604faf83", size = 1415500, upload-time = "2026-10-05T23:24:21.682Z" },
    { url = "https://files.pythonhosted.org/packages/0c/d3/e971b6fe20ef8d7c2019cbf24b4f6149468efc88c42a744f5bc99e6ca0ed/hypothesis-6.168.5-cp315-abi3.abi3t-musllinux_1_2_i686.whl", hash = "sha256:59e07d2f62b5ff573b0059959ae9cef9edfb0f5393fdb35ea81fce1ee77b27ac", size = 1368623, upload-time = "2026-10-05T23:26:11.292Z" },
    { url = "https://files.pythonhosted.org/packages/e6/ac/b279dfbd2c06cdb3030ba7eea042cb2cf0171d0013563d103d5207dde63b/hypothesis-6.168.5-cp315-abi3.abi3t-musllinux_1_2_ppc64le.whl", hash = "sha256:8a03ca128bea29d6826fc545f1f6289fb1ea2e83a5bb811321761b2d515ca575", size = 1264457, upload-time = "2026-10-05T23:25:21.073Z" },
    { url = "https://files.pythonhosted.org/packages/55/57/16ac9f8ddfada1cd278bd2185234d0d36ebd304926b69ad0497c210c6fed/hypothesis-6.168.5-cp315-abi3.abi3t-musllinux_1_2_riscv64.whl", hash = "sha256:5c03f2d3f84f626f3fd07f54573ab40455e1a1996e98a4f4971caf8b7e796afe", size = 1281744, upload-time = "2026-10-05T23:24:31.263Z" },
    { url = "https://files.pythonhosted.org/packages/3b/d1/99a44430b82998fdef0ffd7d353f64ee5f078c2805ff70f8677ee102cb6c/hypothesis-6.168.5-cp315-abi3.abi3t-musllinux_1_2_x86_64.whl", hash = "sha256:2bdf8ce9b72a620cd5ec4dd6b1c1837ff6971489a863851d11d9b0f58dd4062a", size = 1321504, upload-time = "2026-10-05T23:26:00.583Z" },
    { url = "https://files.pythonhosted.org/packages/bb/6a/58ef2564d1985a5c1a1dc57906b8363a767094abca180e80a0aca4cb635f/hypothesis-6.168.5-cp315-abi3.abi3t-win32.whl", hash = "sha256:5c3abbef7b17571fd713b0922407d9cd8cbc652254c0f462875f15199fcb29f7", size = 674959, upload-time = "2026-10-05T23:24:36.482Z" },
    { url = "https://files.pythonhosted.org/packages/a3/90/153414f55eb0c85bd9d891bd7811d746978c7ad3de81ea79eeb4e62e088b/hypothesis-6.168.5-cp315-abi3.abi3t-win_amd64.whl", hash = "sha256:38172199abab94a04bc017613e055faa796d7175fbc6221aac504d406c960b60", size = 681329, upload-time = "2026-10-05T23:26:08.897Z" },
    { url = "https://files.pythonhosted.org/packages/6d/63/117c82f08ab3ba1dcfbf6562ac43b8deb8efa8106646494fadd15122cc1b/hypothesis-6.168.5-cp315-abi3.abi3t-win_arm64.whl", hash = "sha256:0600ddc24c32dab5ca8e780630ab6e2561df6d7f594f781d0608b38e04c4da91", size = 679632, upload-time = "2026-10-05T23:24:33.753Z" },
    { url = "https://files.pythonhosted.org/packages/73/25/5c38b739fb778d4de48aab6509b9cf0afd0317bb0459741afdcd0ad44aed/hypothesis-6.168.5-pp311-pypy311_pp73-macosx_10_12_x86_64.whl", hash = "sha256:6786049db92275e0c5cfac7dfcda6d4bbc80bdf84cbc8c9c7171ca17f47b5aac", size = 792028, upload-time = "2026-10-05T23:24:56.365Z" },
    { url = "https://files.pythonhosted.org/packages/7b/3f/91071d53240f5f13ab1dda286e3ddb33177537dbf55cede76e7f4a3856db/hypothesis-6.168.5-pp311-pypy311_pp73-macosx_11_0_arm64.whl", hash = "sha256:ffbde24430dcd73231fd03324a934e0f638f7c0899fc566f3ef8c851534f8030", size = 787324, upload-time = "2026-10-05T23:24:17.822Z" },
    { url = "https://files.pythonhosted.org/packages/10/ef/eb262e50d7741de6c49d27923e2c282d079273b8bcdacde33165ea39488d/hypothesis-6.168.5-pp311-pypy311_pp73-manylinux_2_17_aarch64.manylinux2014_aarch64.whl", hash = "sha256:ea967baaedfd532f1a521aaedafc66bb9de09795071492b0e7252139df38479f", size = 1115118, upload-time = "2026-10-05T23:24:20.43Z" },
    { url = "https://files.pythonhosted.org/packages/87/67/a655a8666164aa896516f919af272fa3a3a00d2786be880c31bb638e79e2/hypothesis-6.168.5-pp311-pypy311_pp73-manylinux_2_17_x86_64.manylinux2014_x86_64.whl", hash = "sha256:0b2f98289a5da876c08b9eeb68d1cfdfbd0fcc110cf364d33c3cc32cf229ffe8", size = 1157894, upload-time = "2026-10-05T23:26:28.641Z" },
    { url = "https://files.pythonhosted.org/packages/57/4d/71c422a29446c03e9a052f10b8ee527044242e71e3c0139100991f721e16/hypothesis-6.168.5-pp311-pypy311_pp73-win_amd64.whl", hash = "sha256:e313a01ce580180dc3bb8fa98ddd0ffb20e51e108d9fa747ba6c1596790dc3fa", size = 685030, upload-time = "2026-10-05T23:24:09.964Z" },
]

[[package]]
name = "iniconfig"
version = "2.3.0"
source = { registry = "https://pypi.org/simple" }
sdist = { url = "https://files.pythonhosted.org/packages/72/34/14ca021ce8e5dfedc35312d08ba8bf51fdd999c576889fc2c24cb97f4f10/iniconfig-2.3.0.tar.gz", hash = "sha256:c76315c77db068650d49c5b56314774a7804df16fee4402c1f19d6d15d8c4730", size = 20503, upload-time = "2025-10-18T21:55:43.219Z" }
wheels = [
    { url = "https://files.pythonhosted.org/packages/cb/b1/3846dd7f199d53cb17f49cba7e651e9ce294d8497c8c150530ed11865bb8/iniconfig-2.3.0-py3-none-any.whl", hash = "sha256:f631c04d2c48c52b84d0d0549c99ff3859c98df65b3101406327ecc7d53fbf12", size = 7484, upload-time = "2025-10-18T21:55:41.639Z" },
]

[[package]]
name = "packaging"
version = "26.3"
source = { registry = "https://pypi.org/simple" }
sdist = { url = "https://files.pythonhosted.org/packages/7d/fa/3944b40b07da9ce895c0e6303a5ab7d53da063554f534556b134a54d6093/packaging-26.3.tar.gz", hash = "sha256:94edc256424af38762eb31306eed28beb9f0efc50a8837492c9d6fd6004aed79", size = 313412, upload-time = "2026-08-04T18:15:28.737Z" }
wheels = [
    { url = "https://files.pythonhosted.org/packages/63/34/ba1c580383c9eada3711951fef0795c80b829a078d72188184bcab9dd527/packaging-26.3-py3-none-any.whl", hash = "sha256:d7193f7c8e4e93f444fde0262bf90af30e16fa0ad0ad44cb553c87339b23cd1c", size = 129956, upload-time = "2026-08-04T18:15:27.159Z" },
]

[[package]]
name = "pluggy"
version = "1.6.0"
source = { registry = "https://pypi.org/simple" }
sdist = { url = "https://files.pythonhosted.org/packages/f9/e2/3e91f31a7d2b083fe6ef3fa267035b518369d9511ffab804f839851d2779/pluggy-1.6.0.tar.gz", hash = "sha256:7dcc130b76258d33b90f61b658791dede3486c3e6bfb003ee5c9bfb396dd22f3", size = 69412, upload-time = "2025-05-15T12:30:07.975Z" }
wheels = [
    { url = "https://files.pythonhosted.org/packages/54/20/4d324d65cc6d9205fabedc306948156824eb9f0ee1633355a8f7ec5c66bf/pluggy-1.6.0-py3-none-any.whl", hash = "sha256:e920276dd6813095e9377c0bc5566d94c932c33b27a3e3945d8389c374dd4746", size = 20538, upload-time = "2025-05-15T12:30:06.134Z" },
]

[[package]]
name = "polars"
version = "1.44.2"
source = { registry = "https://pypi.org/simple" }
dependencies = [
    { name = "polars-runtime-32" },
]
sdist = { url = "https://files.pythonhosted.org/packages/a4/15/e8541eefc22fbc7ca89bcb5112298a153729f73cfbc0cf6a668e509f975c/polars-1.44.2.tar.gz", hash = "sha256:86c8e26b6c2de8c8d344bb910b74dfc47b118ac3fe0f19b44909467990a0b281", size = 766272, upload-time = "2026-09-09T07:42:08.859Z" }
wheels = [
    { url = "https://files.pythonhosted.org/packages/51/6d/3014112c7f717d1253223faa13b6db3ac3a64ed00ab2a3bc1b942bc9cdd4/polars-1.44.2-py3-none-any.whl", hash = "sha256:1bb331f17a40d9d931101533dcd33637b66edc61eb377b07020dac16a0f0377b", size = 865768, upload-time = "2026-09-09T07:40:12.053Z" },
]

[[package]]
name = "polars-runtime-32"
version = "1.44.2"
source = { registry = "https://pypi.org/simple" }
sdist = { url = "https://files.pythonhosted.org/packages/d4/a1/a7eace6587b56f22cf2a21ab4d5e695db372dc23fd96accb68b1ec12660b/polars_runtime_32-1.44.2.tar.gz", hash = "sha256:b84842f7d621aaca7a52e165e19a24f89db45f8aa13744941430218419a14a67", size = 3172205, upload-time = "2026-09-09T07:42:10.851Z" }
wheels = [
    { url = "https://files.pythonhosted.org/packages/99/5b/a5215f82c3dd443dc5d6911b0d3e937f97056e0ef7753f7e123422481a18/polars_runtime_32-1.44.2-cp310-abi3-macosx_10_12_x86_64.whl", hash = "sha256:1fd536720668ba203a16a20b08cd6b23057e407a0279cf36b2f35f879d6e3208", size = 48334014, upload-time = "2026-09-09T07:40:16.43Z" },
    { url = "https://files.pythonhosted.org/packages/c2/e0/f3dc93fce4b4e99370db6a89001a1b8d3c606e3560d0d91dda809d6c6324/polars_runtime_32-1.44.2-cp310-abi3-macosx_11_0_arm64.whl", hash = "sha256:e0fd43720c8222ae39919c8ff891636d53b352706087120e62f83544dd3ff782", size = 43331099, upload-time = "2026-09-09T07:40:21.029Z" },
    { url = "https://files.pythonhosted.org/packages/4e/4f/076626ce93ddd622203c4b27be2a96d034cf5b24110c52e96e6029f0ea33/polars_runtime_32-1.44.2-cp310-abi3-manylinux_2_17_aarch64.manylinux2014_aarch64.whl", hash = "sha256:bbf9b45040291dc1c6c588c837019c33557bde25ec536562a9cca9e1f6dfcc45", size = 46590853, upload-time = "2026-09-09T07:40:24.934Z" },
    { url = "https://files.pythonhosted.org/packages/e9/24/ed9982657c446dd5491b089370eea196725673570cfc61f7225a9fdd7ef0/polars_runtime_32-1.44.2-cp310-abi3-manylinux_2_17_x86_64.manylinux2014_x86_64.whl", hash = "sha256:a1bafb441e99199a62c63bf1bbdc0ea09ee9776dbac2bf31452b5000fb1df2f7", size = 49912258, upload-time = "2026-09-09T07:40:29.238Z" },
    { url = "https://files.pythonhosted.org/packages/71/42/5490ab360aa2406119825ad82203a5e2ff27a3a5893ca8e0b93c053a59a3/polars_runtime_32-1.44.2-cp310-abi3-musllinux_1_2_aarch64.whl", hash = "sha256:10c0c695a418407617b5159db7d9a21074a733e4c6d61275b6762f25cb31ca99", size = 46737310, upload-time = "2026-09-09T07:40:33.143Z" },
    { url = "https://files.pythonhosted.org/packages/06/8f/d741afb1dcd1848161189e017d27972e7e78556d8dce66b94d4235093706/polars_runtime_32-1.44.2-cp310-abi3-musllinux_1_2_x86_64.whl", hash = "sha256:c4a09fb14aad711526346efc0cb2015c2fd0555ce4118b6524e5debbaea65ff5", size = 49887654, upload-time = "2026-09-09T07:40:37.455Z" },
    { url = "https://files.pythonhosted.org/packages/ba/e7/c61c1c7eea37705920fe7c1302d1dd80d1165db2b928f0da3eae6d1ebb75/polars_runtime_32-1.44.2-cp310-abi3-win_amd64.whl", hash = "sha256:8598e7a20efba70bb74978c7df7af7c606ff4d79b9b48fdd808250b189bc9a13", size = 51297967, upload-time = "2026-09-09T07:40:41.993Z" },
    { url = "https://files.pythonhosted.org/packages/e7/a0/d0dd0d2ec95fa328dd47055905fae53ba3cd79f11c8973326ebe75a49e4c/polars_runtime_32-1.44.2-cp310-abi3-win_arm64.whl", hash = "sha256:d51040d3ab40157f6db3c62be59cab5b80fb3c8d158924769c4982a1c8eef730", size = 44303345, upload-time = "2026-09-09T07:40:47.081Z" },
]

[[package]]
name = "pydantic"
version = "2.13.5"
source = { registry = "https://pypi.org/simple" }
dependencies = [
    { name = "annotated-types" },
    { name = "pydantic-core" },
    { name = "typing-extensions" },
    { name = "typing-inspection" },
]
sdist = { url = "https://files.pythonhosted.org/packages/53/ef/fc4f868f4e2cee79f863883abffceff107875f569b848507319842d2a681/pydantic-2.13.5.tar.gz", hash = "sha256:51a9c5f7b2f8e636f04c6cada605d9b6a3bf1348fdf945a3d8869b19bba0ee08", size = 845750, upload-time = "2026-08-28T14:04:00.916Z" }
wheels = [
    { url = "https://files.pythonhosted.org/packages/eb/47/c95ffc2009878c7aac0c5e08528022dcb885933252a88b5f170058014464/pydantic-2.13.5-py3-none-any.whl", hash = "sha256:346a034f080da3755d8e9cb5e00e8b07de1d39e4f6e2c87d8ab7cafa0b269a73", size = 472589, upload-time = "2026-08-28T14:03:59.136Z" },
]

[[package]]
name = "pydantic-core"
version = "2.46.5"
source = { registry = "https://pypi.org/simple" }
dependencies = [
    { name = "typing-extensions" },
]
sdist = { url = "https://files.pythonhosted.org/packages/af/f9/8a06bea35ef8daf588f707784c973a7046e0034c8d8cfb08828eeffb8b75/pydantic_core-2.46.5.tar.gz", hash = "sha256:10416c15b8839ecc4ef4d0885da76da6fd0f67333a0eb8aff6d93c4b8f2910fc", size = 472262, upload-time = "2026-08-28T10:01:31.677Z" }
wheels = [
    { url = "https://files.pythonhosted.org/packages/a2/b6/81d2d19ea0be2c03664381b59f65fa72fc7969decedae00bc2c4ad835708/pydantic_core-2.46.5-cp311-cp311-macosx_10_12_x86_64.whl", hash = "sha256:a1dee1b804ff4d11c663636cf15d2ea47e9f79cd56c033fb1cbf08924842a48f", size = 2074737, upload-time = "2026-08-28T09:57:57.711Z" },
    { url = "https://files.pythonhosted.org/packages/0c/18/b70da8300e292df4099684ea11b1958043580d2f50d2dc8bf7e542bdd84a/pydantic_core-2.46.5-cp311-cp311-macosx_11_0_arm64.whl", hash = "sha256:d625a186a65201c23a9e3b8ed9c47e90a026e03256608cc91851c6709096844f", size = 1921751, upload-time = "2026-08-28T09:57:59.265Z" },
    { url = "https://files.pythonhosted.org/packages/e7/1a/0d590341b6ffa4b4aca83508e6b8db4761aaeacfc15a25ca3815876d4797/pydantic_core-2.46.5-cp311-cp311-manylinux_2_17_aarch64.manylinux2014_aarch64.whl", hash = "sha256:4f8507560a9284e1370bb048ed4282012fbef4e8d109875b95e884d228552061", size = 1948231, upload-time = "2026-08-28T09:58:00.678Z" },
    { url = "https://files.pythonhosted.org/packages/7d/1d/02eb35761c51f2f7b1b042d6ab4cda6600f0c8c88a2243b3f734376201e5/pydantic_core-2.46.5-cp311-cp311-manylinux_2_17_armv7l.manylinux2014_armv7l.whl", hash = "sha256:5f93c5fe914d75fbec9a49209b00da5f08e9e467d69da2b1510c81940cfd10be", size = 2020708, upload-time = "2026-08-28T09:58:02.267Z" },
    { url = "https://files.pythonhosted.org/packages/4a/ea/f86073830e35d508cc8ddf9c3d9e6e6840fcb88d34bf726b0b4710186f27/pydantic_core-2.46.5-cp311-cp311-manylinux_2_17_ppc64le.manylinux2014_ppc64le.whl", hash = "sha256:aca6c767f552b21b10f774aeac128e828eafb796adfa1b666a18bf6321453c3a", size = 2194914, upload-time = "2026-08-28T09:58:03.934Z" },
    { url = "https://files.pythonhosted.org/packages/bb/d7/fc36240d7791ce90939e51608568c33bfdae26202016f9770c229a487d86/pydantic_core-2.46.5-cp311-cp311-manylinux_2_17_s390x.manylinux2014_s390x.whl", hash = "sha256:701b2e04b560eeb4bddf7a25ab8ca476176e34fdbd9a0e18196f0d12d4685f0b", size = 2235622, upload-time = "2026-08-28T09:58:05.516Z" },
    { url = "https://files.pythonhosted.org/packages/cf/bc/3fa2d76b83162820a17da7f645b28d1cba99fc8e1e5fc6517067ec450fa1/pydantic_core-2.46.5-cp311-cp311-manylinux_2_17_x86_64.manylinux2014_x86_64.whl", hash = "sha256:49776eab08766a08dfff7012f8b422dcd7e25e43b316eedf0477c24fcfa84b7c", size = 2062091, upload-time = "2026-08-28T09:58:07.135Z" },
    { url = "https://files.pythonhosted.org/packages/ab/9a/095d557bb492c90cd8a70a6dd048bf793d433d03d86c81c11e912e4cd049/pydantic_core-2.46.5-cp311-cp311-manylinux_2_31_riscv64.whl", hash = "sha256:a2468d93d181667a7abd66e1b64bb9f76f361b0fef8faddf687456453576f5ee", size = 2089904, upload-time = "2026-08-28T09:58:08.814Z" },
    { url = "https://files.pythonhosted.org/packages/24/98/7b76b1ad10a19a617a52aaa1d80e159115af939b095e86f8e756fd52e0df/pydantic_core-2.46.5-cp311-cp311-manylinux_2_5_i686.manylinux1_i686.whl", hash = "sha256:53feb344243bb9510a9dec7bf3cf1b64d88a98af5dc7872a5160465f8b198c8e", size = 2132244, upload-time = "2026-08-28T09:58:10.435Z" },
    { url = "https://files.pythonhosted.org/packages/20/32/7d6ca365fadba186a0c8f85de1a701663bce81efd309d9479be58687622f/pydantic_core-2.46.5-cp311-cp311-musllinux_1_1_aarch64.whl", hash = "sha256:cd5214352ae68f3b5e9af7768bdc5253695ee069675db3480518420b3be881f2", size = 2143901, upload-time = "2026-08-28T09:58:12.033Z" },
    { url = "https://files.pythonhosted.org/packages/f8/09/eb9a6aa57f22fd1541a9c0aa2a1f3aeef3ec65347d33e10a6da2f43e0ee9/pydantic_core-2.46.5-cp311-cp311-musllinux_1_1_armv7l.whl", hash = "sha256:9432f3598db432cb51c5b37fdbf29a60fcccc79e30d37a05022776a6bc4ab689", size = 2299425, upload-time = "2026-08-28T09:58:13.614Z" },
    { url = "https://files.pythonhosted.org/packages/8a/f9/548a5bb9d4ba8cd26e26daf48052236f6b38bb61e7b7241fbc3c995719eb/pydantic_core-2.46.5-cp311-cp311-musllinux_1_1_x86_64.whl", hash = "sha256:8feeac04b5794e513e710af2f9c87d49f31a6dc47967bb264a1fed61a8989bec", size = 2318566, upload-time = "2026-08-28T09:58:15.199Z" },
    { url = "https://files.pythonhosted.org/packages/4a/20/06454d18834c02c406c9133f1a3b485305fd9ee984f9636c2f730bef6a9d/pydantic_core-2.46.5-cp311-cp311-win32.whl", hash = "sha256:892a881d5f68c2b9ea304b7a6c2c60d9343df578a311b0f86b94bc8f1ffe8129", size = 1954258, upload-time = "2026-08-28T09:58:16.813Z" },
    { url = "https://files.pythonhosted.org/packages/9e/c2/718b9deb4b72453b5d8c7447a3b14cb77bef36917ef5f514e0948a4096a0/pydantic_core-2.46.5-cp311-cp311-win_amd64.whl", hash = "sha256:40375c2d05acec10323e45dfe2077ac44bc74659008614af5069034e2cfc781c", size = 2041030, upload-time = "2026-08-28T09:58:18.288Z" },
    { url = "https://files.pythonhosted.org/packages/67/ea/c1d1a5b72d6e1ff7f377a4d9199f6591f095beb5b409a8a5d89f7238d939/pydantic_core-2.46.5-cp311-cp311-win_arm64.whl", hash = "sha256:28a6a556cd3b6066bea827857f9d9cce027c96f776e512f544a581f9e42161f8", size = 2009234, upload-time = "2026-08-28T09:58:19.929Z" },
    { url = "https://files.pythonhosted.org/packages/af/1e/ecca01fce348f7e8afa9572441ff6f7d1cc70d21e4859f33944d10877e1e/pydantic_core-2.46.5-graalpy311-graalpy242_311_native-macosx_10_12_x86_64.whl", hash = "sha256:c14ad3bdc85ee7f318742c457ca3968a92126d144b15721c759033bfb06296c2", size = 2075342, upload-time = "2026-08-28T10:00:51.353Z" },
    { url = "https://files.pythonhosted.org/packages/1f/4c/af80c7a8032dfc897040ad5cb772bebde529a381186499e6e29987f23f8c/pydantic_core-2.46.5-graalpy311-graalpy242_311_native-macosx_11_0_arm64.whl", hash = "sha256:0bddb4020d8f04175865ccd17eff3040874fc11fb593f424edb452653b4b947c", size = 1907219, upload-time = "2026-08-28T10:00:53.438Z" },
    { url = "https://files.pythonhosted.org/packages/be/3e/54d89e2b092e778716bf6153634ef479e955f48c261090be23aa1e0fb0b5/pydantic_core-2.46.5-graalpy311-graalpy242_311_native-manylinux_2_17_aarch64.manylinux2014_aarch64.whl", hash = "sha256:2471fd51c61c610e1dcf7de44d7299283661654d11264ab4802b303368d69c47", size = 1953393, upload-time = "2026-08-28T10:00:55.58Z" },
    { url = "https://files.pythonhosted.org/packages/ea/89/828ee90cda28ce17bdefaa3a6eaf74fe430e113295a10e6126beca559d6c/pydantic_core-2.46.5-graalpy311-graalpy242_311_native-manylinux_2_17_x86_64.manylinux2014_x86_64.whl", hash = "sha256:b10ec717381bdbfafef34607824db4c91de69ff085e4fca3b2af91b4fa17e68a", size = 2099024, upload-time = "2026-08-28T10:00:57.794Z" },
    { url = "https://files.pythonhosted.org/packages/20/21/22102e9950b3049526d20e811b95396508377d87651edd2b80d2b3d28659/pydantic_core-2.46.5-pp311-pypy311_pp73-macosx_10_12_x86_64.whl", hash = "sha256:ab4b66edffb32d9e951efb3814bd104b8367a7501b81b955cacb5726d897389f", size = 2071333, upload-time = "2026-08-28T10:01:09.636Z" },
    { url = "https://files.pythonhosted.org/packages/d8/18/87aefa427d191e6d3ab1447f1efc1cdcac86af1069239b133e8a0fd7f7c9/pydantic_core-2.46.5-pp311-pypy311_pp73-macosx_11_0_arm64.whl", hash = "sha256:337639ba62a11acde6ef3aeb08c8ea755f8ef1fe5e513356c0f36a2b0d7568b0", size = 1912713, upload-time = "2026-08-28T10:01:12.285Z" },
    { url = "https://files.pythonhosted.org/packages/1f/93/fd89e9ad49b1805ca94d24ce1088b7d305f05c35ffafcedb9819d03588a0/pydantic_core-2.46.5-pp311-pypy311_pp73-manylinux_2_17_x86_64.manylinux2014_x86_64.whl", hash = "sha256:413a717a410d0c817ef5b786a059415550b3794e1d0c2abffd9efb93a3d9f7b4", size = 2090926, upload-time = "2026-08-28T10:01:15.19Z" },
    { url = "https://files.pythonhosted.org/packages/6f/45/8e59dab6acf8d35f02f0a958980074f31038968bdb2c983fcae9d1efee03/pydantic_core-2.46.5-pp311-pypy311_pp73-manylinux_2_5_i686.manylinux1_i686.whl", hash = "sha256:1e449def1945a462c464331254e5a44fca7c3b4f9aedf59ec2f50f8066dd8e25", size = 2131303, upload-time = "2026-08-28T10:01:17.937Z" },
    { url = "https://files.pythonhosted.org/packages/d5/a5/e1d4dc5180dd887a9522efc1f8716b8692b7606b1d3273d7862eaf66be44/pydantic_core-2.46.5-pp311-pypy311_pp73-musllinux_1_1_aarch64.whl", hash = "sha256:a445486499897b88a7d6c310c88ed64dd37b1b59bfd7ae9107490bbb362f47d6", size = 2145128, upload-time = "2026-08-28T10:01:20.694Z" },
    { url = "https://files.pythonhosted.org/packages/c2/d7/ad493864a7fb21c0c4df98f965e2db430cb25a9d7369b5778d5016c09fd9/pydantic_core-2.46.5-pp311-pypy311_pp73-musllinux_1_1_armv7l.whl", hash = "sha256:2d330aaba8621b1edcec8ae2c4050f63b84ccf6d98723a8f212e9684713abf0e", size = 2294560, upload-time = "2026-08-28T10:01:23.495Z" },
    { url = "https://files.pythonhosted.org/packages/02/8e/b41c84c913f29973a268e6c2b5bbf13c95adb9956c126d10da11ba3b2bef/pydantic_core-2.46.5-pp311-pypy311_pp73-musllinux_1_1_x86_64.whl", hash = "sha256:b6acfb46a814762367fb7ba0828b0a17d441b92ce249a0e007474c9072662dda", size = 2317531, upload-time = "2026-08-28T10:01:26.334Z" },
    { url = "https://files.pythonhosted.org/packages/db/1d/068464f23075f66a8f1b806935e9cd9363ee446636ea70d2c22ee8659dbf/pydantic_core-2.46.5-pp311-pypy311_pp73-win_amd64.whl", hash = "sha256:d0a24b40877af2de4950252be9d21eaf7fb07660f3c2cae1f56c6b599ada5266", size = 2140686, upload-time = "2026-08-28T10:01:28.947Z" },
]

[[package]]
name = "pygments"
version = "2.21.0"
source = { registry = "https://pypi.org/simple" }
sdist = { url = "https://files.pythonhosted.org/packages/49/2e/ced460408999b33da6b31b0021b0f37d329e202d4169aeb164493778f25b/pygments-2.21.0.tar.gz", hash = "sha256:610ca751c9bc2492b38eb9a38a7fbc93edbbb2d7182edaf34e66ae493dee5c8c", size = 5005329, upload-time = "2026-08-17T08:02:48.824Z" }
wheels = [
    { url = "https://files.pythonhosted.org/packages/71/46/17f022dd3e953bf20a04a028a21ec746d942f8d2af30fa0f124fa0e6a684/pygments-2.21.0-py3-none-any.whl", hash = "sha256:2363c69b61c4a97c838da3b130dcd6468f4848992b21a82f2a63ec34377137d9", size = 1250147, upload-time = "2026-08-17T08:02:44.912Z" },
]

[[package]]
name = "pytest"
version = "9.1.1"
source = { registry = "https://pypi.org/simple" }
dependencies = [
    { name = "colorama", marker = "sys_platform == 'win32'" },
    { name = "iniconfig" },
    { name = "packaging" },
    { name = "pluggy" },
    { name = "pygments" },
]
sdist = { url = "https://files.pythonhosted.org/packages/e4/47/b9efed96c114afcfa3c9d3fe98a76a1d14c74a9e266d397cf6eb64be5e01/pytest-9.1.1.tar.gz", hash = "sha256:1088fbde8f2b49d95a549a195707afa7a76a3ce9bcadc26b6d71f0ffda5fe313", size = 1636369, upload-time = "2026-06-19T10:58:32.857Z" }
wheels = [
    { url = "https://files.pythonhosted.org/packages/24/25/1de2678b631f5a49215c6c96fff41ba892b0a34df68d6d80292b1b48aa7f/pytest-9.1.1-py3-none-any.whl", hash = "sha256:37a86b45efb9a47a61a36449063e8e18d0cab3161329fc099eb21783169c4f0c", size = 386536, upload-time = "2026-06-19T10:58:31.347Z" },
]

[[package]]
name = "ruff"
version = "0.16.8"
source = { registry = "https://pypi.org/simple" }
sdist = { url = "https://files.pythonhosted.org/packages/ba/78/449cb84790bd5cc3823b2652ee405a4558856e5c4195aee3a16bf7b3eb5d/ruff-0.16.8.tar.gz", hash = "sha256:9247bf92b5f04d825c8639a4fe423ec2e4222acd9222e58412b0dab7e442798b", size = 4938814, upload-time = "2026-09-16T15:54:46.688Z" }
wheels = [
    { url = "https://files.pythonhosted.org/packages/ac/25/6071aabc530e9be7e2c195e8fe3f7aea2735405b6cf447212832d7811831/ruff-0.16.8-py3-none-linux_armv6l.whl", hash = "sha256:6ffbd6d87383c1edf5f6fa890f10200950240d7c1a16052a19a09d3a2307dd38", size = 10048966, upload-time = "2026-09-16T15:53:57.605Z" },
    { url = "https://files.pythonhosted.org/packages/54/98/07f90ecbc74dd5fb5764f11f2bc774d6a7cffef92d2ff5f5b4e9e23c754e/ruff-0.16.8-py3-none-macosx_10_12_x86_64.whl", hash = "sha256:42ed6b878ed61e3acca92f2730a17acff39286944ea82398544696366a6f925e", size = 10165498, upload-time = "2026-09-16T15:54:01.14Z" },
    { url = "https://files.pythonhosted.org/packages/fe/1f/e6a712e3b47cad4a40600134105ed193cb773f618a42eb7ba323cb812cc0/ruff-0.16.8-py3-none-macosx_11_0_arm64.whl", hash = "sha256:7ea781c7f2afba8c6a505ea0fb3f994020249e0c450635f5381286fea6b46170", size = 9830004, upload-time = "2026-09-16T15:54:03.998Z" },
    { url = "https://files.pythonhosted.org/packages/23/f2/311a08776d75d81c7676e20b6b020ae63cbe881fcdc7a8dd64e6e18bdd93/ruff-0.16.8-py3-none-manylinux_2_17_aarch64.manylinux2014_aarch64.whl", hash = "sha256:8efeae3bbe414a5efefda11a792dfb51ef90ac48d50c4830de2f644caf3e8659", size = 9986558, upload-time = "2026-09-16T15:54:06.804Z" },
    { url = "https://files.pythonhosted.org/packages/f3/ed/37b6cb3d3ba8c73e68ae3eb1d502383beb5aa05a582bb7bb3a922f929f54/ruff-0.16.8-py3-none-manylinux_2_17_armv7l.manylinux2014_armv7l.whl", hash = "sha256:3a79b795469fef7fc6e908b218eed2eb17332afd85031db6480dc864560e69b2", size = 9877332, upload-time = "2026-09-16T15:54:09.552Z" },
    { url = "https://files.pythonhosted.org/packages/22/cc/40873a8f36ad084cc540d55fcca7077264d5b13b24659e9180c176fb2b08/ruff-0.16.8-py3-none-manylinux_2_17_i686.manylinux2014_i686.whl", hash = "sha256:3fdc5563cdc50555e6fba39322850860e9267c1b3d12c26a74729d8604c3c812", size = 10507125, upload-time = "2026-09-16T15:54:12.152Z" },
    { url = "https://files.pythonhosted.org/packages/c3/e4/fc91a642b78ccbab6b9477720f3644ae7a10a9bcce69a934679cd64f62bc/ruff-0.16.8-py3-none-manylinux_2_17_ppc64le.manylinux2014_ppc64le.whl", hash = "sha256:34508983c70665578dab88f5223d8e6228307e1135398ca8bfc8b7e9501e282b", size = 11336694, upload-time = "2026-09-16T15:54:15.489Z" },
    { url = "https://files.pythonhosted.org/packages/c2/3d/bbd2a9a600a4e73dc3e7548a249c8d1671273464b55822c6fae50f602dff/ruff-0.16.8-py3-none-manylinux_2_17_s390x.manylinux2014_s390x.whl", hash = "sha256:644bb578569e0ffc575741232bd385dacdd6fbe123f1a729e7a225f54aa3957f", size = 10774448, upload-time = "2026-09-16T15:54:18.16Z" },
    { url = "https://files.pythonhosted.org/packages/1a/41/d83af9879a7b6e8bf5fe16b1da0b134049d2f5d3afac12defb0897cb84bd/ruff-0.16.8-py3-none-manylinux_2_17_x86_64.manylinux2014_x86_64.whl", hash = "sha256:15e7d226246961db9235098333caa13063906d3851136b84c2900b82f5daa1df", size = 10323796, upload-time = "2026-09-16T15:54:20.743Z" },
    { url = "https://files.pythonhosted.org/packages/f5/2c/cefd07bfe914b84943ea769ade8d607bd22750b965d3228eefd7cebd15d0/ruff-0.16.8-py3-none-manylinux_2_31_riscv64.whl", hash = "sha256:a2bf6bc3e9ebdd4449abc6f06cf64b98051a2c61cf94d2fe9596518c881f1a1e", size = 10514115, upload-time = "2026-09-16T15:54:23.497Z" },
    { url = "https://files.pythonhosted.org/packages/f3/9d/76a2e26c79a23be6e6e3664c57bec9e9fc8de155cfb9e4b67ea91b64f9d7/ruff-0.16.8-py3-none-musllinux_1_2_aarch64.whl", hash = "sha256:6ca111ba0849539165e9e59d2b442542f3c1e8060ebbdea82494f1ffbccb1e1f", size = 10072582, upload-time = "2026-09-16T15:54:26.185Z" },
    { url = "https://files.pythonhosted.org/packages/2e/d4/f42edddb39668af1a559ceafa3823aedd65633a48dc9768e775485faa2c1/ruff-0.16.8-py3-none-musllinux_1_2_armv7l.whl", hash = "sha256:359a1e5b495448ee1e91018064382ebc86f90e8aac2fed222c7d0e4e8df85fd2", size = 9879644, upload-time = "2026-09-16T15:54:29.278Z" },
    { url = "https://files.pythonhosted.org/packages/f8/d4/913e3195d95e0378786c6656945c865f534a3560e29139da4882aff630d1/ruff-0.16.8-py3-none-musllinux_1_2_i686.whl", hash = "sha256:59e8f5681349474110b24d62e93cfda6593f5fa3473446ca3705200cac1a08b9", size = 10231569, upload-time = "2026-09-16T15:54:32.036Z" },
    { url = "https://files.pythonhosted.org/packages/2b/c4/8aa6ea0bdcedbd1bf87397e2fc4ed8406448ea5842f8660bc6e5f163039d/ruff-0.16.8-py3-none-musllinux_1_2_x86_64.whl", hash = "sha256:efa3e7a16d1baaa79957888dfdf8be9ef2e44db81cb032af06d76632ab59e773", size = 10663666, upload-time = "2026-09-16T15:54:34.838Z" },
    { url = "https://files.pythonhosted.org/packages/3d/02/7f10ef4700bc223c30a3fdd10631a29830c45524b810a3c7ed947af64591/ruff-0.16.8-py3-none-win32.whl", hash = "sha256:55793ba85c69921e89be061426d91a78652d6e50317c962240922747a4eb713f", size = 10093472, upload-time = "2026-09-16T15:54:37.47Z" },
    { url = "https://files.pythonhosted.org/packages/1e/5d/a509c07d714b6da88f2c518b4637cf6f1d46b074be8f0f1e5fb9ff5126fe/ruff-0.16.8-py3-none-win_amd64.whl", hash = "sha256:a6b85621fd3c81e31fc5f5add09c9c078b430db3595ca632efafdec9e64ebfaa", size = 10586899, upload-time = "2026-09-16T15:54:40.488Z" },
    { url = "https://files.pythonhosted.org/packages/fe/a0/50787329e4f20bf9dc9f6230015d46ec69c51a97ace5bc202dae4755365d/ruff-0.16.8-py3-none-win_arm64.whl", hash = "sha256:d075e820af612102ce217f07cc93e69f9490b10ec13ea85fa87bd03d996cef8a", size = 10386316, upload-time = "2026-09-16T15:54:43.332Z" },
]

[[package]]
name = "sortedcontainers"
version = "2.4.0"
source = { registry = "https://pypi.org/simple" }
sdist = { url = "https://files.pythonhosted.org/packages/e8/c4/ba2f8066cceb6f23394729afe52f3bf7adec04bf9ed2c820b39e19299111/sortedcontainers-2.4.0.tar.gz", hash = "sha256:25caa5a06cc30b6b83d11423433f65d1f9d76c4c6a0c90e3379eaa43b9bfdb88", size = 30594, upload-time = "2021-05-16T22:03:42.897Z" }
wheels = [
    { url = "https://files.pythonhosted.org/packages/32/46/9cb0e58b2deb7f82b84065f37f3bffeb12413f947f9388e4cac22c4621ce/sortedcontainers-2.4.0-py2.py3-none-any.whl", hash = "sha256:a163dcaede0f1c021485e957a39245190e74249897e2ae4b2aa38595db237ee0", size = 29575, upload-time = "2021-05-16T22:03:41.177Z" },
]

[[package]]
name = "typing-extensions"
version = "4.16.0"
source = { registry = "https://pypi.org/simple" }
sdist = { url = "https://files.pythonhosted.org/packages/f6/cc/6253133b5bb138fc3306cebfbda2c520f545d36b5be2c7255cc528bb45d6/typing_extensions-4.16.0.tar.gz", hash = "sha256:dc983d19a509c94dba722ee6abd33940f7c05a89e243c47e907eb4db6f1a43e5", size = 113555, upload-time = "2026-07-02T08:40:05.92Z" }
wheels = [
    { url = "https://files.pythonhosted.org/packages/49/d3/b8441a820a491ddfc024b0b0cf0393375b75ea13866d9c66727e54c2fc80/typing_extensions-4.16.0-py3-none-any.whl", hash = "sha256:481caa481374e813c1b176ada14e97f1f67a4539ce9cfeb3f350d78d6370c2e8", size = 45571, upload-time = "2026-07-02T08:40:04.659Z" },
]

[[package]]
name = "typing-inspection"
version = "0.4.4"
source = { registry = "https://pypi.org/simple" }
dependencies = [
    { name = "typing-extensions" },
]
sdist = { url = "https://files.pythonhosted.org/packages/a3/26/b09b8010994eccc3c09092e6b34058f36a460eea2d4c3e8b910c695975a0/typing_inspection-0.4.4.tar.gz", hash = "sha256:547274fa6b0a561ccf549cc9524b999a578e737d015d8709d021f9d0d13bea47", size = 76928, upload-time = "2026-08-12T12:37:25.997Z" }
wheels = [
    { url = "https://files.pythonhosted.org/packages/67/81/4add07e5172b7ac40d8ed5ff580409a7801a4fe26d529bdd915401dabfbe/typing_inspection-0.4.4-py3-none-any.whl", hash = "sha256:65b8397ba37ccbce054456aaccddfc91e6e3083c92824df348d96ca832f3f147", size = 14750, upload-time = "2026-08-12T12:37:24.648Z" },
]
